// !$*UTF8*$!
{
	archiveVersion = 1;
	classes = {
	};
	objectVersion = 55;
	objects = {

/* Begin PBXBuildFile section */
		F17C8A4727D549DC00A4027E /* DerivedCircle.cpp in Sources */ = {isa = PBXBuildFile; fileRef = F17C8A4527D549DC00A4027E /* DerivedCircle.cpp */; };
		F17C8A4A27D54A3200A4027E /* DerivedRectangle.cpp in Sources */ = {isa = PBXBuildFile; fileRef = F17C8A4827D54A3200A4027E /* DerivedRectangle.cpp */; };
		F17C8A4D27D54A7B00A4027E /* GeometricObject.cpp in Sources */ = {isa = PBXBuildFile; fileRef = F17C8A4B27D54A7B00A4027E /* GeometricObject.cpp */; };
		F17C8A4F27D54BBB00A4027E /* TestAbstractFunctions.cpp in Sources */ = {isa = PBXBuildFile; fileRef = F17C8A4E27D54BBB00A4027E /* TestAbstractFunctions.cpp */; };
/* End PBXBuildFile section */

/* Begin PBXCopyFilesBuildPhase section */
		F17C8A3927D5496A00A4027E /* CopyFiles */ = {
			isa = PBXCopyFilesBuildPhase;
			buildActionMask = 2147483647;
			dstPath = /usr/share/man/man1/;
			dstSubfolderSpec = 0;
			files = (
			);
			runOnlyForDeploymentPostprocessing = 1;
		};
/* End PBXCopyFilesBuildPhase section */

/* Begin PBXFileReference section */
		F17C8A3B27D5496A00A4027E /* AbstractClass */ = {isa = PBXFileReference; explicitFileType = "compiled.mach-o.executable"; includeInIndex = 0; path = AbstractClass; sourceTree = BUILT_PRODUCTS_DIR; };
		F17C8A4527D549DC00A4027E /* DerivedCircle.cpp */ = {isa = PBXFileReference; lastKnownFileType = sourcecode.cpp.cpp; path = DerivedCircle.cpp; sourceTree = "<group>"; };
		F17C8A4627D549DC00A4027E /* DerivedCircle.hpp */ = {isa = PBXFileReference; lastKnownFileType = sourcecode.cpp.h; path = DerivedCircle.hpp; sourceTree = "<group>"; };
		F17C8A4827D54A3200A4027E /* DerivedRectangle.cpp */ = {isa = PBXFileReference; lastKnownFileType = sourcecode.cpp.cpp; path = DerivedRectangle.cpp; sourceTree = "<group>"; };
		F17C8A4927D54A3200A4027E /* DerivedRectangle.hpp */ = {isa = PBXFileReference; lastKnownFileType = sourcecode.cpp.h; path = DerivedRectangle.hpp; sourceTree = "<group>"; };
		F17C8A4B27D54A7B00A4027E /* GeometricObject.cpp */ = {isa = PBXFileReference; lastKnownFileType = sourcecode.cpp.cpp; path = GeometricObject.cpp; sourceTree = "<group>"; };
		F17C8A4C27D54A7B00A4027E /* GeometricObject.hpp */ = {isa = PBXFileReference; lastKnownFileType = sourcecode.cpp.h; path = GeometricObject.hpp; sourceTree = "<group>"; };
		F17C8A4E27D54BBB00A4027E /* TestAbstractFunctions.cpp */ = {isa = PBXFileReference; lastKnownFileType = sourcecode.cpp.cpp; path = TestAbstractFunctions.cpp; sourceTree = "<group>"; };
/* End PBXFileReference section */

/* Begin PBXFrameworksBuildPhase section */
		F17C8A3827D5496A00A4027E /* Frameworks */ = {
			isa = PBXFrameworksBuildPhase;
			buildActionMask = 2147483647;
			files = (
			);
			runOnlyForDeploymentPostprocessing = 0;
		};
/* End PBXFrameworksBuildPhase section */

/* Begin PBXGroup section */
		F17C8A3227D5496A00A4027E = {
			isa = PBXGroup;
			children = (
				F17C8A3D27D5496A00A4027E /* AbstractClass */,
				F17C8A3C27D5496A00A4027E /* Products */,
			);
			sourceTree = "<group>";
		};
		F17C8A3C27D5496A00A4027E /* Products */ = {
			isa = PBXGroup;
			children = (
				F17C8A3B27D5496A00A4027E /* AbstractClass */,
			);
			name = Products;
			sourceTree = "<group>";
		};
		F17C8A3D27D5496A00A4027E /* AbstractClass */ = {
			isa = PBXGroup;
			children = (
				F17C8A4527D549DC00A4027E /* DerivedCircle.cpp */,
				F17C8A4627D549DC00A4027E /* DerivedCircle.hpp */,
				F17C8A4827D54A3200A4027E /* DerivedRectangle.cpp */,
				F17C8A4927D54A3200A4027E /* DerivedRectangle.hpp */,
				F17C8A4B27D54A7B00A4027E /* GeometricObject.cpp */,
				F17C8A4C27D54A7B00A4027E /* GeometricObject.hpp */,
				F17C8A4E27D54BBB00A4027E /* TestAbstractFunctions.cpp */,
			);
			path = AbstractClass;
			sourceTree = "<group>";
		};
/* End PBXGroup section */

/* Begin PBXNativeTarget section */
		F17C8A3A27D5496A00A4027E /* AbstractClass */ = {
			isa = PBXNativeTarget;
			buildConfigurationList = F17C8A4227D5496A00A4027E /* Build configuration list for PBXNativeTarget "AbstractClass" */;
			buildPhases = (
				F17C8A3727D5496A00A4027E /* Sources */,
				F17C8A3827D5496A00A4027E /* Frameworks */,
				F17C8A3927D5496A00A4027E /* CopyFiles */,
			);
			buildRules = (
			);
			dependencies = (
			);
			name = AbstractClass;
			productName = AbstractClass;
			productReference = F17C8A3B27D5496A00A4027E /* AbstractClass */;
			productType = "com.apple.product-type.tool";
		};
/* End PBXNativeTarget section */

/* Begin PBXProject section */
		F17C8A3327D5496A00A4027E /* Project object */ = {
			isa = PBXProject;
			attributes = {
				BuildIndependentTargetsInParallel = 1;
				LastUpgradeCheck = 1320;
				TargetAttributes = {
					F17C8A3A27D5496A00A4027E = {
						CreatedOnToolsVersion = 13.2.1;
					};
				};
			};
			buildConfigurationList = F17C8A3627D5496A00A4027E /* Build configuration list for PBXProject "AbstractClass" */;
			compatibilityVersion = "Xcode 13.0";
			developmentRegion = en;
			hasScannedForEncodings = 0;
			knownRegions = (
				en,
				Base,
			);
			mainGroup = F17C8A3227D5496A00A4027E;
			productRefGroup = F17C8A3C27D5496A00A4027E /* Products */;
			projectDirPath = "";
			projectRoot = "";
			targets = (
				F17C8A3A27D5496A00A4027E /* AbstractClass */,
			);
		};
/* End PBXProject section */

/* Begin PBXSourcesBuildPhase section */
		F17C8A3727D5496A00A4027E /* Sources */ = {
			isa = PBXSourcesBuildPhase;
			buildActionMask = 2147483647;
			files = (
				F17C8A4D27D54A7B00A4027E /* GeometricObject.cpp in Sources */,
				F17C8A4727D549DC00A4027E /* DerivedCircle.cpp in Sources */,
				F17C8A4A27D54A3200A4027E /* DerivedRectangle.cpp in Sources */,
				F17C8A4F27D54BBB00A4027E /* TestAbstractFunctions.cpp in Sources */,
			);
			runOnlyForDeploymentPostprocessing = 0;
		};
/* End PBXSourcesBuildPhase section */

/* Begin XCBuildConfiguration section */
		F17C8A4027D5496A00A4027E /* Debug */ = {
			isa = XCBuildConfiguration;
			buildSettings = {
				ALWAYS_SEARCH_USER_PATHS = NO;
				CLANG_ANALYZER_NONNULL = YES;
				CLANG_ANALYZER_NUMBER_OBJECT_CONVERSION = YES_AGGRESSIVE;
				CLANG_CXX_LANGUAGE_STANDARD = "gnu++17";
				CLANG_CXX_LIBRARY = "libc++";
				CLANG_ENABLE_MODULES = YES;
				CLANG_ENABLE_OBJC_ARC = YES;
				CLANG_ENABLE_OBJC_WEAK = YES;
				CLANG_WARN_BLOCK_CAPTURE_AUTORELEASING = YES;
				CLANG_WARN_BOOL_CONVERSION = YES;
				CLANG_WARN_COMMA = YES;
				CLANG_WARN_CONSTANT_CONVERSION = YES;
				CLANG_WARN_DEPRECATED_OBJC_IMPLEMENTATIONS = YES;
				CLANG_WARN_DIRECT_OBJC_ISA_USAGE = YES_ERROR;
				CLANG_WARN_DOCUMENTATION_COMMENTS = YES;
				CLANG_WARN_EMPTY_BODY = YES;
				CLANG_WARN_ENUM_CONVERSION = YES;
				CLANG_WARN_INFINITE_RECURSION = YES;
				CLANG_WARN_INT_CONVERSION = YES;
				CLANG_WARN_NON_LITERAL_NULL_CONVERSION = YES;
				CLANG_WARN_OBJC_IMPLICIT_RETAIN_SELF = YES;
				CLANG_WARN_OBJC_LITERAL_CONVERSION = YES;
				CLANG_WARN_OBJC_ROOT_CLASS = YES_ERROR;
				CLANG_WARN_QUOTED_INCLUDE_IN_FRAMEWORK_HEADER = YES;
				CLANG_WARN_RANGE_LOOP_ANALYSIS = YES;
				CLANG_WARN_STRICT_PROTOTYPES = YES;
				CLANG_WARN_SUSPICIOUS_MOVE = YES;
				CLANG_WARN_UNGUARDED_AVAILABILITY = YES_AGGRESSIVE;
				CLANG_WARN_UNREACHABLE_CODE = YES;
				CLANG_WARN__DUPLICATE_METHOD_MATCH = YES;
				COPY_PHASE_STRIP = NO;
				DEBUG_INFORMATION_FORMAT = dwarf;
				ENABLE_STRICT_OBJC_MSGSEND = YES;
				ENABLE_TESTABILITY = YES;
				GCC_C_LANGUAGE_STANDARD = gnu11;
				GCC_DYNAMIC_NO_PIC = NO;
				GCC_NO_COMMON_BLOCKS = YES;
				GCC_OPTIMIZATION_LEVEL = 0;
				GCC_PREPROCESSOR_DEFINITIONS = (
					"DEBUG=1",
					"$(inherited)",
				);
				GCC_WARN_64_TO_32_BIT_CONVERSION = YES;
				GCC_WARN_ABOUT_RETURN_TYPE = YES_ERROR;
				GCC_WARN_UNDECLARED_SELECTOR = YES;
				GCC_WARN_UNINITIALIZED_AUTOS = YES_AGGRESSIVE;
				GCC_WARN_UNUSED_FUNCTION = YES;
				GCC_WARN_UNUSED_VARIABLE = YES;
				MACOSX_DEPLOYMENT_TARGET = 12.1;
				MTL_ENABLE_DEBUG_INFO = INCLUDE_SOURCE;
				MTL_FAST_MATH = YES;
				ONLY_ACTIVE_ARCH = YES;
				SDKROOT = macosx;
			};
			name = Debug;
		};
		F17C8A4127D5496A00A4027E /* Release */ = {
			isa = XCBuildConfiguration;
			buildSettings = {
				ALWAYS_SEARCH_USER_PATHS = NO;
				CLANG_ANALYZER_NONNULL = YES;
				CLANG_ANALYZER_NUMBER_OBJECT_CONVERSION = YES_AGGRESSIVE;
				CLANG_CXX_LANGUAGE_STANDARD = "gnu++17";
				CLANG_CXX_LIBRARY = "libc++";
				CLANG_ENABLE_MODULES = YES;
				CLANG_ENABLE_OBJC_ARC = YES;
				CLANG_ENABLE_OBJC_WEAK = YES;
				CLANG_WARN_BLOCK_CAPTURE_AUTORELEASING = YES;
				CLANG_WARN_BOOL_CONVERSION = YES;
				CLANG_WARN_COMMA = YES;
				CLANG_WARN_CONSTANT_CONVERSION = YES;
				CLANG_WARN_DEPRECATED_OBJC_IMPLEMENTATIONS = YES;
				CLANG_WARN_DIRECT_OBJC_ISA_USAGE = YES_ERROR;
				CLANG_WARN_DOCUMENTATION_COMMENTS = YES;
				CLANG_WARN_EMPTY_BODY = YES;
				CLANG_WARN_ENUM_CONVERSION = YES;
				CLANG_WARN_INFINITE_RECURSION = YES;
				CLANG_WARN_INT_CONVERSION = YES;
				CLANG_WARN_NON_LITERAL_NULL_CONVERSION = YES;
				CLANG_WARN_OBJC_IMPLICIT_RETAIN_SELF = YES;
				CLANG_WARN_OBJC_LITERAL_CONVERSION = YES;
				CLANG_WARN_OBJC_ROOT_CLASS = YES_ERROR;
				CLANG_WARN_QUOTED_INCLUDE_IN_FRAMEWORK_HEADER = YES;
				CLANG_WARN_RANGE_LOOP_ANALYSIS = YES;
				CLANG_WARN_STRICT_PROTOTYPES = YES;
				CLANG_WARN_SUSPICIOUS_MOVE = YES;
				CLANG_WARN_UNGUARDED_AVAILABILITY = YES_AGGRESSIVE;
				CLANG_WARN_UNREACHABLE_CODE = YES;
				CLANG_WARN__DUPLICATE_METHOD_MATCH = YES;
				COPY_PHASE_STRIP = NO;
				DEBUG_INFORMATION_FORMAT = "dwarf-with-dsym";
				ENABLE_NS_ASSERTIONS = NO;
				ENABLE_STRICT_OBJC_MSGSEND = YES;
				GCC_C_LANGUAGE_STANDARD = gnu11;
				GCC_NO_COMMON_BLOCKS = YES;
				GCC_WARN_64_TO_32_BIT_CONVERSION = YES;
				GCC_WARN_ABOUT_RETURN_TYPE = YES_ERROR;
				GCC_WARN_UNDECLARED_SELECTOR = YES;
				GCC_WARN_UNINITIALIZED_AUTOS = YES_AGGRESSIVE;
				GCC_WARN_UNUSED_FUNCTION = YES;
				GCC_WARN_UNUSED_VARIABLE = YES;
				MACOSX_DEPLOYMENT_TARGET = 12.1;
				MTL_ENABLE_DEBUG_INFO = NO;
				MTL_FAST_MATH = YES;
				SDKROOT = macosx;
			};
			name = Release;
		};
		F17C8A4327D5496A00A4027E /* Debug */ = {
			isa = XCBuildConfiguration;
			buildSettings = {
				CODE_SIGN_STYLE = Automatic;
				PRODUCT_NAME = "$(TARGET_NAME)";
			};
			name = Debug;
		};
		F17C8A4427D5496A00A4027E /* Release */ = {
			isa = XCBuildConfiguration;
			buildSettings = {
				CODE_SIGN_STYLE = Automatic;
				PRODUCT_NAME = "$(TARGET_NAME)";
			};
			name = Release;
		};
/* End XCBuildConfiguration section */

/* Begin XCConfigurationList section */
		F17C8A3627D5496A00A4027E /* Build configuration list for PBXProject "AbstractClass" */ = {
			isa = XCConfigurationList;
			buildConfigurations = (
				F17C8A4027D5496A00A4027E /* Debug */,
				F17C8A4127D5496A00A4027E /* Release */,
			);
			defaultConfigurationIsVisible = 0;
			defaultConfigurationName = Release;
		};
		F17C8A4227D5496A00A4027E /* Build configuration list for PBXNativeTarget "AbstractClass" */ = {
			isa = XCConfigurationList;
			buildConfigurations = (
				F17C8A4327D5496A00A4027E /* Debug */,
				F17C8A4427D5496A00A4027E /* Release */,
			);
			defaultConfigurationIsVisible = 0;
			defaultConfigurationName = Release;
		};
/* End XCConfigurationList section */
	};
	rootObject = F17C8A3327D5496A00A4027E /* Project object */;
}
