// !$*UTF8*$!
{
	archiveVersion = 1;
	classes = {
	};
	objectVersion = 55;
	objects = {

/* Begin PBXBuildFile section */
		F15A3D4427F760A0003F91BA /* TestExceptions.cpp in Sources */ = {isa = PBXBuildFile; fileRef = F15A3D4327F760A0003F91BA /* TestExceptions.cpp */; };
		F15A3D4B27F760E7003F91BA /* DerivedRectangle.cpp in Sources */ = {isa = PBXBuildFile; fileRef = F15A3D4627F760E7003F91BA /* DerivedRectangle.cpp */; };
		F15A3D4C27F760E7003F91BA /* DerivedCircle.cpp in Sources */ = {isa = PBXBuildFile; fileRef = F15A3D4927F760E7003F91BA /* DerivedCircle.cpp */; };
		F15A3D4D27F760E7003F91BA /* GeometricObject.cpp in Sources */ = {isa = PBXBuildFile; fileRef = F15A3D4A27F760E7003F91BA /* GeometricObject.cpp */; };
/* End PBXBuildFile section */

/* Begin PBXCopyFilesBuildPhase section */
		F15A3D3727F76058003F91BA /* CopyFiles */ = {
			isa = PBXCopyFilesBuildPhase;
			buildActionMask = 2147483647;
			dstPath = /usr/share/man/man1/;
			dstSubfolderSpec = 0;
			files = (
			);
			runOnlyForDeploymentPostprocessing = 1;
		};
/* End PBXCopyFilesBuildPhase section */

/* Begin PBXFileReference section */
		F15A3D3927F76058003F91BA /* TestExceptions */ = {isa = PBXFileReference; explicitFileType = "compiled.mach-o.executable"; includeInIndex = 0; path = TestExceptions; sourceTree = BUILT_PRODUCTS_DIR; };
		F15A3D4327F760A0003F91BA /* TestExceptions.cpp */ = {isa = PBXFileReference; lastKnownFileType = sourcecode.cpp.cpp; path = TestExceptions.cpp; sourceTree = "<group>"; };
		F15A3D4527F760E7003F91BA /* DerivedRectangle.h */ = {isa = PBXFileReference; fileEncoding = 4; lastKnownFileType = sourcecode.c.h; path = DerivedRectangle.h; sourceTree = "<group>"; };
		F15A3D4627F760E7003F91BA /* DerivedRectangle.cpp */ = {isa = PBXFileReference; fileEncoding = 4; lastKnownFileType = sourcecode.cpp.cpp; path = DerivedRectangle.cpp; sourceTree = "<group>"; };
		F15A3D4727F760E7003F91BA /* GeometricObject.h */ = {isa = PBXFileReference; fileEncoding = 4; lastKnownFileType = sourcecode.c.h; path = GeometricObject.h; sourceTree = "<group>"; };
		F15A3D4827F760E7003F91BA /* DerivedCircle.h */ = {isa = PBXFileReference; fileEncoding = 4; lastKnownFileType = sourcecode.c.h; path = DerivedCircle.h; sourceTree = "<group>"; };
		F15A3D4927F760E7003F91BA /* DerivedCircle.cpp */ = {isa = PBXFileReference; fileEncoding = 4; lastKnownFileType = sourcecode.cpp.cpp; path = DerivedCircle.cpp; sourceTree = "<group>"; };
		F15A3D4A27F760E7003F91BA /* GeometricObject.cpp */ = {isa = PBXFileReference; fileEncoding = 4; lastKnownFileType = sourcecode.cpp.cpp; path = GeometricObject.cpp; sourceTree = "<group>"; };
/* End PBXFileReference section */

/* Begin PBXFrameworksBuildPhase section */
		F15A3D3627F76058003F91BA /* Frameworks */ = {
			isa = PBXFrameworksBuildPhase;
			buildActionMask = 2147483647;
			files = (
			);
			runOnlyForDeploymentPostprocessing = 0;
		};
/* End PBXFrameworksBuildPhase section */

/* Begin PBXGroup section */
		F15A3D3027F76058003F91BA = {
			isa = PBXGroup;
			children = (
				F15A3D3B27F76058003F91BA /* TestExceptions */,
				F15A3D3A27F76058003F91BA /* Products */,
			);
			sourceTree = "<group>";
		};
		F15A3D3A27F76058003F91BA /* Products */ = {
			isa = PBXGroup;
			children = (
				F15A3D3927F76058003F91BA /* TestExceptions */,
			);
			name = Products;
			sourceTree = "<group>";
		};
		F15A3D3B27F76058003F91BA /* TestExceptions */ = {
			isa = PBXGroup;
			children = (
				F15A3D4927F760E7003F91BA /* DerivedCircle.cpp */,
				F15A3D4827F760E7003F91BA /* DerivedCircle.h */,
				F15A3D4627F760E7003F91BA /* DerivedRectangle.cpp */,
				F15A3D4527F760E7003F91BA /* DerivedRectangle.h */,
				F15A3D4A27F760E7003F91BA /* GeometricObject.cpp */,
				F15A3D4727F760E7003F91BA /* GeometricObject.h */,
				F15A3D4327F760A0003F91BA /* TestExceptions.cpp */,
			);
			path = TestExceptions;
			sourceTree = "<group>";
		};
/* End PBXGroup section */

/* Begin PBXNativeTarget section */
		F15A3D3827F76058003F91BA /* TestExceptions */ = {
			isa = PBXNativeTarget;
			buildConfigurationList = F15A3D4027F76058003F91BA /* Build configuration list for PBXNativeTarget "TestExceptions" */;
			buildPhases = (
				F15A3D3527F76058003F91BA /* Sources */,
				F15A3D3627F76058003F91BA /* Frameworks */,
				F15A3D3727F76058003F91BA /* CopyFiles */,
			);
			buildRules = (
			);
			dependencies = (
			);
			name = TestExceptions;
			productName = TestExceptions;
			productReference = F15A3D3927F76058003F91BA /* TestExceptions */;
			productType = "com.apple.product-type.tool";
		};
/* End PBXNativeTarget section */

/* Begin PBXProject section */
		F15A3D3127F76058003F91BA /* Project object */ = {
			isa = PBXProject;
			attributes = {
				BuildIndependentTargetsInParallel = 1;
				LastUpgradeCheck = 1330;
				TargetAttributes = {
					F15A3D3827F76058003F91BA = {
						CreatedOnToolsVersion = 13.3;
					};
				};
			};
			buildConfigurationList = F15A3D3427F76058003F91BA /* Build configuration list for PBXProject "TestExceptions" */;
			compatibilityVersion = "Xcode 13.0";
			developmentRegion = en;
			hasScannedForEncodings = 0;
			knownRegions = (
				en,
				Base,
			);
			mainGroup = F15A3D3027F76058003F91BA;
			productRefGroup = F15A3D3A27F76058003F91BA /* Products */;
			projectDirPath = "";
			projectRoot = "";
			targets = (
				F15A3D3827F76058003F91BA /* TestExceptions */,
			);
		};
/* End PBXProject section */

/* Begin PBXSourcesBuildPhase section */
		F15A3D3527F76058003F91BA /* Sources */ = {
			isa = PBXSourcesBuildPhase;
			buildActionMask = 2147483647;
			files = (
				F15A3D4427F760A0003F91BA /* TestExceptions.cpp in Sources */,
				F15A3D4B27F760E7003F91BA /* DerivedRectangle.cpp in Sources */,
				F15A3D4D27F760E7003F91BA /* GeometricObject.cpp in Sources */,
				F15A3D4C27F760E7003F91BA /* DerivedCircle.cpp in Sources */,
			);
			runOnlyForDeploymentPostprocessing = 0;
		};
/* End PBXSourcesBuildPhase section */

/* Begin XCBuildConfiguration section */
		F15A3D3E27F76058003F91BA /* Debug */ = {
			isa = XCBuildConfiguration;
			buildSettings = {
				ALWAYS_SEARCH_USER_PATHS = NO;
				CLANG_ANALYZER_NONNULL = YES;
				CLANG_ANALYZER_NUMBER_OBJECT_CONVERSION = YES_AGGRESSIVE;
				CLANG_CXX_LANGUAGE_STANDARD = "gnu++17";
				CLANG_ENABLE_MODULES = YES;
				CLANG_ENABLE_OBJC_ARC = YES;
				CLANG_ENABLE_OBJC_WEAK = YES;
				CLANG_WARN_BLOCK_CAPTURE_AUTORELEASING = YES;
				CLANG_WARN_BOOL_CONVERSION = YES;
				CLANG_WARN_COMMA = YES;
				CLANG_WARN_CONSTANT_CONVERSION = YES;
				CLANG_WARN_DEPRECATED_OBJC_IMPLEMENTATIONS = YES;
				CLANG_WARN_DIRECT_OBJC_ISA_USAGE = YES_ERROR;
				CLANG_WARN_DOCUMENTATION_COMMENTS = YES;
				CLANG_WARN_EMPTY_BODY = YES;
				CLANG_WARN_ENUM_CONVERSION = YES;
				CLANG_WARN_INFINITE_RECURSION = YES;
				CLANG_WARN_INT_CONVERSION = YES;
				CLANG_WARN_NON_LITERAL_NULL_CONVERSION = YES;
				CLANG_WARN_OBJC_IMPLICIT_RETAIN_SELF = YES;
				CLANG_WARN_OBJC_LITERAL_CONVERSION = YES;
				CLANG_WARN_OBJC_ROOT_CLASS = YES_ERROR;
				CLANG_WARN_QUOTED_INCLUDE_IN_FRAMEWORK_HEADER = YES;
				CLANG_WARN_RANGE_LOOP_ANALYSIS = YES;
				CLANG_WARN_STRICT_PROTOTYPES = YES;
				CLANG_WARN_SUSPICIOUS_MOVE = YES;
				CLANG_WARN_UNGUARDED_AVAILABILITY = YES_AGGRESSIVE;
				CLANG_WARN_UNREACHABLE_CODE = YES;
				CLANG_WARN__DUPLICATE_METHOD_MATCH = YES;
				COPY_PHASE_STRIP = NO;
				DEBUG_INFORMATION_FORMAT = dwarf;
				ENABLE_STRICT_OBJC_MSGSEND = YES;
				ENABLE_TESTABILITY = YES;
				GCC_C_LANGUAGE_STANDARD = gnu11;
				GCC_DYNAMIC_NO_PIC = NO;
				GCC_NO_COMMON_BLOCKS = YES;
				GCC_OPTIMIZATION_LEVEL = 0;
				GCC_PREPROCESSOR_DEFINITIONS = (
					"DEBUG=1",
					"$(inherited)",
				);
				GCC_WARN_64_TO_32_BIT_CONVERSION = YES;
				GCC_WARN_ABOUT_RETURN_TYPE = YES_ERROR;
				GCC_WARN_UNDECLARED_SELECTOR = YES;
				GCC_WARN_UNINITIALIZED_AUTOS = YES_AGGRESSIVE;
				GCC_WARN_UNUSED_FUNCTION = YES;
				GCC_WARN_UNUSED_VARIABLE = YES;
				MACOSX_DEPLOYMENT_TARGET = 12.3;
				MTL_ENABLE_DEBUG_INFO = INCLUDE_SOURCE;
				MTL_FAST_MATH = YES;
				ONLY_ACTIVE_ARCH = YES;
				SDKROOT = macosx;
			};
			name = Debug;
		};
		F15A3D3F27F76058003F91BA /* Release */ = {
			isa = XCBuildConfiguration;
			buildSettings = {
				ALWAYS_SEARCH_USER_PATHS = NO;
				CLANG_ANALYZER_NONNULL = YES;
				CLANG_ANALYZER_NUMBER_OBJECT_CONVERSION = YES_AGGRESSIVE;
				CLANG_CXX_LANGUAGE_STANDARD = "gnu++17";
				CLANG_ENABLE_MODULES = YES;
				CLANG_ENABLE_OBJC_ARC = YES;
				CLANG_ENABLE_OBJC_WEAK = YES;
				CLANG_WARN_BLOCK_CAPTURE_AUTORELEASING = YES;
				CLANG_WARN_BOOL_CONVERSION = YES;
				CLANG_WARN_COMMA = YES;
				CLANG_WARN_CONSTANT_CONVERSION = YES;
				CLANG_WARN_DEPRECATED_OBJC_IMPLEMENTATIONS = YES;
				CLANG_WARN_DIRECT_OBJC_ISA_USAGE = YES_ERROR;
				CLANG_WARN_DOCUMENTATION_COMMENTS = YES;
				CLANG_WARN_EMPTY_BODY = YES;
				CLANG_WARN_ENUM_CONVERSION = YES;
				CLANG_WARN_INFINITE_RECURSION = YES;
				CLANG_WARN_INT_CONVERSION = YES;
				CLANG_WARN_NON_LITERAL_NULL_CONVERSION = YES;
				CLANG_WARN_OBJC_IMPLICIT_RETAIN_SELF = YES;
				CLANG_WARN_OBJC_LITERAL_CONVERSION = YES;
				CLANG_WARN_OBJC_ROOT_CLASS = YES_ERROR;
				CLANG_WARN_QUOTED_INCLUDE_IN_FRAMEWORK_HEADER = YES;
				CLANG_WARN_RANGE_LOOP_ANALYSIS = YES;
				CLANG_WARN_STRICT_PROTOTYPES = YES;
				CLANG_WARN_SUSPICIOUS_MOVE = YES;
				CLANG_WARN_UNGUARDED_AVAILABILITY = YES_AGGRESSIVE;
				CLANG_WARN_UNREACHABLE_CODE = YES;
				CLANG_WARN__DUPLICATE_METHOD_MATCH = YES;
				COPY_PHASE_STRIP = NO;
				DEBUG_INFORMATION_FORMAT = "dwarf-with-dsym";
				ENABLE_NS_ASSERTIONS = NO;
				ENABLE_STRICT_OBJC_MSGSEND = YES;
				GCC_C_LANGUAGE_STANDARD = gnu11;
				GCC_NO_COMMON_BLOCKS = YES;
				GCC_WARN_64_TO_32_BIT_CONVERSION = YES;
				GCC_WARN_ABOUT_RETURN_TYPE = YES_ERROR;
				GCC_WARN_UNDECLARED_SELECTOR = YES;
				GCC_WARN_UNINITIALIZED_AUTOS = YES_AGGRESSIVE;
				GCC_WARN_UNUSED_FUNCTION = YES;
				GCC_WARN_UNUSED_VARIABLE = YES;
				MACOSX_DEPLOYMENT_TARGET = 12.3;
				MTL_ENABLE_DEBUG_INFO = NO;
				MTL_FAST_MATH = YES;
				SDKROOT = macosx;
			};
			name = Release;
		};
		F15A3D4127F76058003F91BA /* Debug */ = {
			isa = XCBuildConfiguration;
			buildSettings = {
				CODE_SIGN_STYLE = Automatic;
				PRODUCT_NAME = "$(TARGET_NAME)";
			};
			name = Debug;
		};
		F15A3D4227F76058003F91BA /* Release */ = {
			isa = XCBuildConfiguration;
			buildSettings = {
				CODE_SIGN_STYLE = Automatic;
				PRODUCT_NAME = "$(TARGET_NAME)";
			};
			name = Release;
		};
/* End XCBuildConfiguration section */

/* Begin XCConfigurationList section */
		F15A3D3427F76058003F91BA /* Build configuration list for PBXProject "TestExceptions" */ = {
			isa = XCConfigurationList;
			buildConfigurations = (
				F15A3D3E27F76058003F91BA /* Debug */,
				F15A3D3F27F76058003F91BA /* Release */,
			);
			defaultConfigurationIsVisible = 0;
			defaultConfigurationName = Release;
		};
		F15A3D4027F76058003F91BA /* Build configuration list for PBXNativeTarget "TestExceptions" */ = {
			isa = XCConfigurationList;
			buildConfigurations = (
				F15A3D4127F76058003F91BA /* Debug */,
				F15A3D4227F76058003F91BA /* Release */,
			);
			defaultConfigurationIsVisible = 0;
			defaultConfigurationName = Release;
		};
/* End XCConfigurationList section */
	};
	rootObject = F15A3D3127F76058003F91BA /* Project object */;
}
