// !$*UTF8*$!
{
	archiveVersion = 1;
	classes = {
	};
	objectVersion = 55;
	objects = {

/* Begin PBXBuildFile section */
		F12A04B427C5562600D059F4 /* Rational.cpp in Sources */ = {isa = PBXBuildFile; fileRef = F12A04B327C5562600D059F4 /* Rational.cpp */; };
		F12A04B927C56E8500D059F4 /* TestRationalClass.cpp in Sources */ = {isa = PBXBuildFile; fileRef = F12A04B827C56E8500D059F4 /* TestRationalClass.cpp */; };
		F192AC5927CAC99F001AB6D1 /* RationalWithOperators.cpp in Sources */ = {isa = PBXBuildFile; fileRef = F192AC5827CAC99F001AB6D1 /* RationalWithOperators.cpp */; };
		F192AC5B27CAC9DD001AB6D1 /* TestRationalWithOperators.cpp in Sources */ = {isa = PBXBuildFile; fileRef = F192AC5A27CAC9DD001AB6D1 /* TestRationalWithOperators.cpp */; };
		F192AC5D27CACA5A001AB6D1 /* makefile in Sources */ = {isa = PBXBuildFile; fileRef = F192AC5C27CACA5A001AB6D1 /* makefile */; };
/* End PBXBuildFile section */

/* Begin PBXCopyFilesBuildPhase section */
		F12A04A627C554A200D059F4 /* CopyFiles */ = {
			isa = PBXCopyFilesBuildPhase;
			buildActionMask = 2147483647;
			dstPath = /usr/share/man/man1/;
			dstSubfolderSpec = 0;
			files = (
			);
			runOnlyForDeploymentPostprocessing = 1;
		};
/* End PBXCopyFilesBuildPhase section */

/* Begin PBXFileReference section */
		F12A04A827C554A200D059F4 /* RationalClass */ = {isa = PBXFileReference; explicitFileType = "compiled.mach-o.executable"; includeInIndex = 0; path = RationalClass; sourceTree = BUILT_PRODUCTS_DIR; };
		F12A04B227C554E600D059F4 /* Rational.h */ = {isa = PBXFileReference; lastKnownFileType = sourcecode.c.h; path = Rational.h; sourceTree = "<group>"; };
		F12A04B327C5562600D059F4 /* Rational.cpp */ = {isa = PBXFileReference; lastKnownFileType = sourcecode.cpp.cpp; path = Rational.cpp; sourceTree = "<group>"; };
		F12A04B827C56E8500D059F4 /* TestRationalClass.cpp */ = {isa = PBXFileReference; lastKnownFileType = sourcecode.cpp.cpp; path = TestRationalClass.cpp; sourceTree = "<group>"; };
		F192AC5727CAC968001AB6D1 /* RationalWithOperators.h */ = {isa = PBXFileReference; lastKnownFileType = sourcecode.c.h; path = RationalWithOperators.h; sourceTree = "<group>"; };
		F192AC5827CAC99F001AB6D1 /* RationalWithOperators.cpp */ = {isa = PBXFileReference; lastKnownFileType = sourcecode.cpp.cpp; path = RationalWithOperators.cpp; sourceTree = "<group>"; };
		F192AC5A27CAC9DD001AB6D1 /* TestRationalWithOperators.cpp */ = {isa = PBXFileReference; lastKnownFileType = sourcecode.cpp.cpp; path = TestRationalWithOperators.cpp; sourceTree = "<group>"; };
		F192AC5C27CACA5A001AB6D1 /* makefile */ = {isa = PBXFileReference; lastKnownFileType = sourcecode.make; path = makefile; sourceTree = "<group>"; };
/* End PBXFileReference section */

/* Begin PBXFrameworksBuildPhase section */
		F12A04A527C554A200D059F4 /* Frameworks */ = {
			isa = PBXFrameworksBuildPhase;
			buildActionMask = 2147483647;
			files = (
			);
			runOnlyForDeploymentPostprocessing = 0;
		};
/* End PBXFrameworksBuildPhase section */

/* Begin PBXGroup section */
		F12A049F27C554A200D059F4 = {
			isa = PBXGroup;
			children = (
				F12A04AA27C554A200D059F4 /* RationalClass */,
				F12A04A927C554A200D059F4 /* Products */,
			);
			sourceTree = "<group>";
		};
		F12A04A927C554A200D059F4 /* Products */ = {
			isa = PBXGroup;
			children = (
				F12A04A827C554A200D059F4 /* RationalClass */,
			);
			name = Products;
			sourceTree = "<group>";
		};
		F12A04AA27C554A200D059F4 /* RationalClass */ = {
			isa = PBXGroup;
			children = (
				F12A04B227C554E600D059F4 /* Rational.h */,
				F12A04B327C5562600D059F4 /* Rational.cpp */,
				F12A04B827C56E8500D059F4 /* TestRationalClass.cpp */,
				F192AC5727CAC968001AB6D1 /* RationalWithOperators.h */,
				F192AC5827CAC99F001AB6D1 /* RationalWithOperators.cpp */,
				F192AC5A27CAC9DD001AB6D1 /* TestRationalWithOperators.cpp */,
				F192AC5C27CACA5A001AB6D1 /* makefile */,
			);
			path = RationalClass;
			sourceTree = "<group>";
		};
/* End PBXGroup section */

/* Begin PBXNativeTarget section */
		F12A04A727C554A200D059F4 /* RationalClass */ = {
			isa = PBXNativeTarget;
			buildConfigurationList = F12A04AF27C554A200D059F4 /* Build configuration list for PBXNativeTarget "RationalClass" */;
			buildPhases = (
				F12A04A427C554A200D059F4 /* Sources */,
				F12A04A527C554A200D059F4 /* Frameworks */,
				F12A04A627C554A200D059F4 /* CopyFiles */,
			);
			buildRules = (
			);
			dependencies = (
			);
			name = RationalClass;
			productName = RationalClass;
			productReference = F12A04A827C554A200D059F4 /* RationalClass */;
			productType = "com.apple.product-type.tool";
		};
/* End PBXNativeTarget section */

/* Begin PBXProject section */
		F12A04A027C554A200D059F4 /* Project object */ = {
			isa = PBXProject;
			attributes = {
				BuildIndependentTargetsInParallel = 1;
				LastUpgradeCheck = 1320;
				TargetAttributes = {
					F12A04A727C554A200D059F4 = {
						CreatedOnToolsVersion = 13.2.1;
					};
				};
			};
			buildConfigurationList = F12A04A327C554A200D059F4 /* Build configuration list for PBXProject "RationalClass" */;
			compatibilityVersion = "Xcode 13.0";
			developmentRegion = en;
			hasScannedForEncodings = 0;
			knownRegions = (
				en,
				Base,
			);
			mainGroup = F12A049F27C554A200D059F4;
			productRefGroup = F12A04A927C554A200D059F4 /* Products */;
			projectDirPath = "";
			projectRoot = "";
			targets = (
				F12A04A727C554A200D059F4 /* RationalClass */,
			);
		};
/* End PBXProject section */

/* Begin PBXSourcesBuildPhase section */
		F12A04A427C554A200D059F4 /* Sources */ = {
			isa = PBXSourcesBuildPhase;
			buildActionMask = 2147483647;
			files = (
				F12A04B927C56E8500D059F4 /* TestRationalClass.cpp in Sources */,
				F192AC5927CAC99F001AB6D1 /* RationalWithOperators.cpp in Sources */,
				F12A04B427C5562600D059F4 /* Rational.cpp in Sources */,
				F192AC5B27CAC9DD001AB6D1 /* TestRationalWithOperators.cpp in Sources */,
				F192AC5D27CACA5A001AB6D1 /* makefile in Sources */,
			);
			runOnlyForDeploymentPostprocessing = 0;
		};
/* End PBXSourcesBuildPhase section */

/* Begin XCBuildConfiguration section */
		F12A04AD27C554A200D059F4 /* Debug */ = {
			isa = XCBuildConfiguration;
			buildSettings = {
				ALWAYS_SEARCH_USER_PATHS = NO;
				CLANG_ANALYZER_NONNULL = YES;
				CLANG_ANALYZER_NUMBER_OBJECT_CONVERSION = YES_AGGRESSIVE;
				CLANG_CXX_LANGUAGE_STANDARD = "gnu++17";
				CLANG_CXX_LIBRARY = "libc++";
				CLANG_ENABLE_MODULES = YES;
				CLANG_ENABLE_OBJC_ARC = YES;
				CLANG_ENABLE_OBJC_WEAK = YES;
				CLANG_WARN_BLOCK_CAPTURE_AUTORELEASING = YES;
				CLANG_WARN_BOOL_CONVERSION = YES;
				CLANG_WARN_COMMA = YES;
				CLANG_WARN_CONSTANT_CONVERSION = YES;
				CLANG_WARN_DEPRECATED_OBJC_IMPLEMENTATIONS = YES;
				CLANG_WARN_DIRECT_OBJC_ISA_USAGE = YES_ERROR;
				CLANG_WARN_DOCUMENTATION_COMMENTS = YES;
				CLANG_WARN_EMPTY_BODY = YES;
				CLANG_WARN_ENUM_CONVERSION = YES;
				CLANG_WARN_INFINITE_RECURSION = YES;
				CLANG_WARN_INT_CONVERSION = YES;
				CLANG_WARN_NON_LITERAL_NULL_CONVERSION = YES;
				CLANG_WARN_OBJC_IMPLICIT_RETAIN_SELF = YES;
				CLANG_WARN_OBJC_LITERAL_CONVERSION = YES;
				CLANG_WARN_OBJC_ROOT_CLASS = YES_ERROR;
				CLANG_WARN_QUOTED_INCLUDE_IN_FRAMEWORK_HEADER = YES;
				CLANG_WARN_RANGE_LOOP_ANALYSIS = YES;
				CLANG_WARN_STRICT_PROTOTYPES = YES;
				CLANG_WARN_SUSPICIOUS_MOVE = YES;
				CLANG_WARN_UNGUARDED_AVAILABILITY = YES_AGGRESSIVE;
				CLANG_WARN_UNREACHABLE_CODE = YES;
				CLANG_WARN__DUPLICATE_METHOD_MATCH = YES;
				COPY_PHASE_STRIP = NO;
				DEBUG_INFORMATION_FORMAT = dwarf;
				ENABLE_STRICT_OBJC_MSGSEND = YES;
				ENABLE_TESTABILITY = YES;
				GCC_C_LANGUAGE_STANDARD = gnu11;
				GCC_DYNAMIC_NO_PIC = NO;
				GCC_NO_COMMON_BLOCKS = YES;
				GCC_OPTIMIZATION_LEVEL = 0;
				GCC_PREPROCESSOR_DEFINITIONS = (
					"DEBUG=1",
					"$(inherited)",
				);
				GCC_WARN_64_TO_32_BIT_CONVERSION = YES;
				GCC_WARN_ABOUT_RETURN_TYPE = YES_ERROR;
				GCC_WARN_UNDECLARED_SELECTOR = YES;
				GCC_WARN_UNINITIALIZED_AUTOS = YES_AGGRESSIVE;
				GCC_WARN_UNUSED_FUNCTION = YES;
				GCC_WARN_UNUSED_VARIABLE = YES;
				MACOSX_DEPLOYMENT_TARGET = 12.1;
				MTL_ENABLE_DEBUG_INFO = INCLUDE_SOURCE;
				MTL_FAST_MATH = YES;
				ONLY_ACTIVE_ARCH = YES;
				SDKROOT = macosx;
			};
			name = Debug;
		};
		F12A04AE27C554A200D059F4 /* Release */ = {
			isa = XCBuildConfiguration;
			buildSettings = {
				ALWAYS_SEARCH_USER_PATHS = NO;
				CLANG_ANALYZER_NONNULL = YES;
				CLANG_ANALYZER_NUMBER_OBJECT_CONVERSION = YES_AGGRESSIVE;
				CLANG_CXX_LANGUAGE_STANDARD = "gnu++17";
				CLANG_CXX_LIBRARY = "libc++";
				CLANG_ENABLE_MODULES = YES;
				CLANG_ENABLE_OBJC_ARC = YES;
				CLANG_ENABLE_OBJC_WEAK = YES;
				CLANG_WARN_BLOCK_CAPTURE_AUTORELEASING = YES;
				CLANG_WARN_BOOL_CONVERSION = YES;
				CLANG_WARN_COMMA = YES;
				CLANG_WARN_CONSTANT_CONVERSION = YES;
				CLANG_WARN_DEPRECATED_OBJC_IMPLEMENTATIONS = YES;
				CLANG_WARN_DIRECT_OBJC_ISA_USAGE = YES_ERROR;
				CLANG_WARN_DOCUMENTATION_COMMENTS = YES;
				CLANG_WARN_EMPTY_BODY = YES;
				CLANG_WARN_ENUM_CONVERSION = YES;
				CLANG_WARN_INFINITE_RECURSION = YES;
				CLANG_WARN_INT_CONVERSION = YES;
				CLANG_WARN_NON_LITERAL_NULL_CONVERSION = YES;
				CLANG_WARN_OBJC_IMPLICIT_RETAIN_SELF = YES;
				CLANG_WARN_OBJC_LITERAL_CONVERSION = YES;
				CLANG_WARN_OBJC_ROOT_CLASS = YES_ERROR;
				CLANG_WARN_QUOTED_INCLUDE_IN_FRAMEWORK_HEADER = YES;
				CLANG_WARN_RANGE_LOOP_ANALYSIS = YES;
				CLANG_WARN_STRICT_PROTOTYPES = YES;
				CLANG_WARN_SUSPICIOUS_MOVE = YES;
				CLANG_WARN_UNGUARDED_AVAILABILITY = YES_AGGRESSIVE;
				CLANG_WARN_UNREACHABLE_CODE = YES;
				CLANG_WARN__DUPLICATE_METHOD_MATCH = YES;
				COPY_PHASE_STRIP = NO;
				DEBUG_INFORMATION_FORMAT = "dwarf-with-dsym";
				ENABLE_NS_ASSERTIONS = NO;
				ENABLE_STRICT_OBJC_MSGSEND = YES;
				GCC_C_LANGUAGE_STANDARD = gnu11;
				GCC_NO_COMMON_BLOCKS = YES;
				GCC_WARN_64_TO_32_BIT_CONVERSION = YES;
				GCC_WARN_ABOUT_RETURN_TYPE = YES_ERROR;
				GCC_WARN_UNDECLARED_SELECTOR = YES;
				GCC_WARN_UNINITIALIZED_AUTOS = YES_AGGRESSIVE;
				GCC_WARN_UNUSED_FUNCTION = YES;
				GCC_WARN_UNUSED_VARIABLE = YES;
				MACOSX_DEPLOYMENT_TARGET = 12.1;
				MTL_ENABLE_DEBUG_INFO = NO;
				MTL_FAST_MATH = YES;
				SDKROOT = macosx;
			};
			name = Release;
		};
		F12A04B027C554A200D059F4 /* Debug */ = {
			isa = XCBuildConfiguration;
			buildSettings = {
				CODE_SIGN_STYLE = Automatic;
				PRODUCT_NAME = "$(TARGET_NAME)";
			};
			name = Debug;
		};
		F12A04B127C554A200D059F4 /* Release */ = {
			isa = XCBuildConfiguration;
			buildSettings = {
				CODE_SIGN_STYLE = Automatic;
				PRODUCT_NAME = "$(TARGET_NAME)";
			};
			name = Release;
		};
/* End XCBuildConfiguration section */

/* Begin XCConfigurationList section */
		F12A04A327C554A200D059F4 /* Build configuration list for PBXProject "RationalClass" */ = {
			isa = XCConfigurationList;
			buildConfigurations = (
				F12A04AD27C554A200D059F4 /* Debug */,
				F12A04AE27C554A200D059F4 /* Release */,
			);
			defaultConfigurationIsVisible = 0;
			defaultConfigurationName = Release;
		};
		F12A04AF27C554A200D059F4 /* Build configuration list for PBXNativeTarget "RationalClass" */ = {
			isa = XCConfigurationList;
			buildConfigurations = (
				F12A04B027C554A200D059F4 /* Debug */,
				F12A04B127C554A200D059F4 /* Release */,
			);
			defaultConfigurationIsVisible = 0;
			defaultConfigurationName = Release;
		};
/* End XCConfigurationList section */
	};
	rootObject = F12A04A027C554A200D059F4 /* Project object */;
}
